{
    "_meta": {
        "hash": {
            "sha256": "ee27f9c08b7486079d3d0b10dabccd6cf704248c1a9bb696d1d2c3196688b2ee"
        },
        "pipfile-spec": 6,
        "requires": {
            "python_version": "3.10"
        },
        "sources": [
            {
                "name": "pypi",
                "url": "https://pypi.org/simple",
                "verify_ssl": true
            }
        ]
    },
    "default": {
        "blake3": {
            "hashes": [
                "sha256:08f3122ddd4345cbcc83fa1acc8287f2dfb449d77036f73967d56b96dfc919e6",
                "sha256:0a78908b6299fd21dd46eb00fa4592b259ee419d586d545a3b86e1f2e4d0ee6d",
                "sha256:0d9d9d25fca5f65940c780693500e85db57f10b3281153af7a965dbed094546a",
                "sha256:320c3a046d2d931a022900b9272ae4e625d1c5761740dbf4072b65401b73531d",
                "sha256:48ea05bbc964edbf1e4e9e5a4d9c2df50fa80a295c16f0cf51321eb6273d3b7d",
                "sha256:60b040b2cadc5308fd381fccec288b3a44e0a78d39fffa939da751c5044edb87",
                "sha256:6293cc474af332bb3a99d93d2395a92cb7945707749eb52e7729dd85c0097275",
                "sha256:69269ac2777ea5082e01558ebb9d7d354672414d56de3955c8dada4846192bc4",
                "sha256:6a72458e712c511bdc0eb88de79c992977c79194806e9892f2c1b3f6902d85a2",
                "sha256:6c13bf3c30f843d2de05d0a4f5f705611307bebdc4b81b33555a220e0131f103",
                "sha256:7d3c62ec8aa4c3c21c72496fd0004862d8f7e1eeb69a574d0a8469d6c7f47ece",
                "sha256:8265bf4846371589f471b52281c54402853e9bb95bfb160bab38ab8839734ac4",
                "sha256:8299a67e7c81ae28815192bc99b0eaaf02857a73e18209e3c763b16defd35ce9",
                "sha256:89e084b0a5967bcd949a8bb75c4fe40562b59c170fe6aca92acb5de4fc4e97ca",
                "sha256:97ccac1fe423d80e400f3172114fe09c430cb74442abd096592b7e4986960c55",
                "sha256:a2fb9ba8edc59ad889aa8352b39ae5e254fe1a466a9031635ce38f97df78be6f",
                "sha256:ac8a208102c0418953a747fb794789c2cf2e7c3111db72a51bbd2fe0d236bc0a",
                "sha256:ccf773e9fa772d21ef60f643a6a346ea722bdc12d86453359db5f12fe7679022",
                "sha256:e04a8f3046cbb450d6ba6075e085fa624d52af0a8e6abdb03f2601244c8f3fb7",
                "sha256:e1724c115226c471f01d562e82f1f84c9d677b9c4ac13a0ece6c5be4928d4272",
                "sha256:e3324a793c4771a77a3640c2a0512b456666c2bc43e0b8c651b8fd488fb56404",
                "sha256:ed2b9e4327fbe35897ddcf61b7874dd7d8de102234b86b8d6c4aff442cf3dc57",
                "sha256:ef8865081fcbbeee3d536a62b4ba2a7b8b41d6479c88d7c6da0cd68a24ca9be2",
                "sha256:f3363e23a385feb67a845a2b87a1dde6aa952bae5b34189bf9a674fbc2431565",
                "sha256:f6443ee7e80cff7936a0b68b8d9c482548a7bd29e463419a59bb3f1e67dcad35"
            ],
            "index": "pypi",
            "version": "==0.3.3"
        },
        "click": {
            "hashes": [
                "sha256:7682dc8afb30297001674575ea00d1814d808d6a36af415a82bd481d37ba7b8e",
                "sha256:bb4d8133cb15a609f44e8213d9b391b0809795062913b383c62be0ee95b1db48"
            ],
            "index": "pypi",
            "version": "==8.1.3"
        },
        "colorama": {
            "hashes": [
                "sha256:08695f5cb7ed6e0531a20572697297273c47b8cae5a63ffc6d6ed5c201be6e44",
                "sha256:4f1d9991f5acc0ca119f9d443620b77f9d6b33703e51011c16baf57afb285fc6"
            ],
            "markers": "platform_system == 'Windows'",
            "version": "==0.4.6"
        },
        "pyperclip": {
            "hashes": [
                "sha256:105254a8b04934f0bc84e9c24eb360a591aaf6535c9def5f29d92af107a9bf57"
            ],
            "index": "pypi",
            "version": "==1.8.2"
        }
    },
    "develop": {
        "altgraph": {
            "hashes": [
                "sha256:ad33358114df7c9416cdb8fa1eaa5852166c505118717021c6a8c7c7abbd03dd",
                "sha256:c8ac1ca6772207179ed8003ce7687757c04b0b71536f81e2ac5755c6226458fe"
            ],
            "version": "==0.17.3"
        },
        "autopep8": {
            "hashes": [
                "sha256:86e9303b5e5c8160872b2f5ef611161b2893e9bfe8ccc7e2f76385947d57a2f1",
                "sha256:f9849cdd62108cb739dbcdbfb7fdcc9a30d1b63c4cc3e1c1f893b5360941b61c"
            ],
            "index": "pypi",
            "version": "==2.0.2"
        },
        "colorama": {
            "hashes": [
                "sha256:08695f5cb7ed6e0531a20572697297273c47b8cae5a63ffc6d6ed5c201be6e44",
                "sha256:4f1d9991f5acc0ca119f9d443620b77f9d6b33703e51011c16baf57afb285fc6"
            ],
            "markers": "platform_system == 'Windows'",
            "version": "==0.4.6"
        },
        "exceptiongroup": {
            "hashes": [
                "sha256:232c37c63e4f682982c8b6459f33a8981039e5fb8756b2074364e5055c498c9e",
                "sha256:d484c3090ba2889ae2928419117447a14daf3c1231d5e30d0aae34f354f01785"
            ],
            "markers": "python_version < '3.11'",
            "version": "==1.1.1"
        },
        "flake8": {
            "hashes": [
                "sha256:3833794e27ff64ea4e9cf5d410082a8b97ff1a06c16aa3d2027339cd0f1195c7",
                "sha256:c61007e76655af75e6785a931f452915b371dc48f56efd765247c8fe68f2b181"
            ],
            "index": "pypi",
            "version": "==6.0.0"
        },
        "iniconfig": {
            "hashes": [
                "sha256:2d91e135bf72d31a410b17c16da610a82cb55f6b0477d1a902134b24a455b8b3",
                "sha256:b6a85871a79d2e3b22d2d1b94ac2824226a63c6b741c88f7ae975f18b6778374"
            ],
            "markers": "python_version >= '3.7'",
            "version": "==2.0.0"
        },
        "mccabe": {
            "hashes": [
                "sha256:348e0240c33b60bbdf4e523192ef919f28cb2c3d7d5c7794f74009290f236325",
                "sha256:6c2d30ab6be0e4a46919781807b4f0d834ebdd6c6e3dca0bda5a15f863427b6e"
            ],
            "markers": "python_version >= '3.6'",
            "version": "==0.7.0"
        },
        "packaging": {
            "hashes": [
                "sha256:994793af429502c4ea2ebf6bf664629d07c1a9fe974af92966e4b8d2df7edc61",
                "sha256:a392980d2b6cffa644431898be54b0045151319d1e7ec34f0cfed48767dd334f"
            ],
            "markers": "python_version >= '3.7'",
            "version": "==23.1"
        },
        "pefile": {
            "hashes": [
                "sha256:82e6114004b3d6911c77c3953e3838654b04511b8b66e8583db70c65998017dc",
                "sha256:da185cd2af68c08a6cd4481f7325ed600a88f6a813bad9dea07ab3ef73d8d8d6"
            ],
            "markers": "sys_platform == 'win32'",
            "version": "==2023.2.7"
        },
        "pluggy": {
            "hashes": [
                "sha256:4224373bacce55f955a878bf9cfa763c1e360858e330072059e10bad68531159",
                "sha256:74134bbf457f031a36d68416e1509f34bd5ccc019f0bcc952c7b909d06b37bd3"
            ],
            "markers": "python_version >= '3.6'",
            "version": "==1.0.0"
        },
        "pycodestyle": {
            "hashes": [
                "sha256:347187bdb476329d98f695c213d7295a846d1152ff4fe9bacb8a9590b8ee7053",
                "sha256:8a4eaf0d0495c7395bdab3589ac2db602797d76207242c17d470186815706610"
            ],
            "markers": "python_version >= '3.6'",
            "version": "==2.10.0"
        },
        "pyflakes": {
            "hashes": [
                "sha256:ec55bf7fe21fff7f1ad2f7da62363d749e2a470500eab1b555334b67aa1ef8cf",
                "sha256:ec8b276a6b60bd80defed25add7e439881c19e64850afd9b346283d4165fd0fd"
            ],
            "markers": "python_version >= '3.6'",
            "version": "==3.0.1"
        },
        "pyinstaller": {
            "hashes": [
                "sha256:247b99c52dc3cf69eba905da30dbca0a8ea309e1058cab44658ac838d9b8f2f0",
                "sha256:2d16641a495593d174504263b038a6d3d46b3b15a381ccb216cf6cce67723512",
                "sha256:333b4ffda38d9c0a561c38429dd9848d37aa78f3b8ea8a6f2b2e69a60d523c02",
                "sha256:6afc7aa4885ffd3e6121a8cf2138830099f874c18cb5869bed8c1a42db82d060",
                "sha256:6ecc464bf56919bf2d6bff275f38d85ff08ae747b8ead3a0c26cf85573b3c723",
                "sha256:7a1db833bb0302b66ae3ae337fbd5487699658ce869ca4d538b5359b8179e83a",
                "sha256:85e39e36d03355423636907a26a9bfa06fdc93cb1086441b19d2d0ca448479fa",
                "sha256:915a502802c751bafd92d568ac57468ec6cdf252b8308aa9a167bbc2c565ad2d",
                "sha256:9e9a38f41f8280c8e29b294716992852281b41fbe64ba330ebab671efe27b26d",
                "sha256:bb7de35cd209a0a0358aec761a273ae951d2161c03728f15d9a640d06a88e472",
                "sha256:df97aaf1103a1c485aa3c9947792a86675e370f5ce9b436b4a84e34a4180c8d2",
                "sha256:f677fbc151db1eb00ada94e86ed128e7b359cbd6bf3f6ea815afdde687692d46"
            ],
            "index": "pypi",
            "version": "==5.10.1"
        },
        "pyinstaller-hooks-contrib": {
            "hashes": [
                "sha256:7fb856a81fd06a717188a3175caa77e902035cc067b00b583c6409c62497b23f",
                "sha256:e02c5f0ee3d4f5814588c2128caf5036c058ba764aaf24d957bb5311ad8690ad"
            ],
            "markers": "python_version >= '3.7'",
            "version": "==2023.2"
        },
        "pytest": {
            "hashes": [
                "sha256:3799fa815351fea3a5e96ac7e503a96fa51cc9942c3753cda7651b93c1cfa362",
                "sha256:434afafd78b1d78ed0addf160ad2b77a30d35d4bdf8af234fe621919d9ed15e3"
            ],
            "index": "pypi",
            "version": "==7.3.1"
        },
        "pywin32-ctypes": {
            "hashes": [
                "sha256:24ffc3b341d457d48e8922352130cf2644024a4ff09762a2261fd34c36ee5942",
                "sha256:9dc2d991b3479cc2df15930958b674a48a227d5361d413827a4cfd0b5876fc98"
            ],
            "markers": "sys_platform == 'win32'",
            "version": "==0.2.0"
        },
        "setuptools": {
            "hashes": [
                "sha256:23aaf86b85ca52ceb801d32703f12d77517b2556af839621c641fca11287952b",
                "sha256:f104fa03692a2602fa0fec6c6a9e63b6c8a968de13e17c026957dd1f53d80990"
            ],
            "markers": "python_version >= '3.7'",
            "version": "==67.7.2"
        },
        "tomli": {
            "hashes": [
                "sha256:939de3e7a6161af0c887ef91b7d41a53e7c5a1ca976325f429cb46ea9bc30ecc",
                "sha256:de526c12914f0c550d15924c62d72abc48d6fe7364aa87328337a31007fe8a4f"
            ],
            "markers": "python_version < '3.11'",
            "version": "==2.0.1"
        }
    }
}
